// !$*UTF8*$!
{
	archiveVersion = 1;
	classes = {
	};
	objectVersion = 56;
	objects = {

/* Begin PBXBuildFile section */
		1B8CFB752AC4F2A6003DDA70 /* Theme.swift in Sources */ = {isa = PBXBuildFile; fileRef = 1B8CFB742AC4F2A6003DDA70 /* Theme.swift */; };
		1B9051862AC2582600E0E73F /* SwiftUIX in Frameworks */ = {isa = PBXBuildFile; productRef = 1B9051852AC2582600E0E73F /* SwiftUIX */; };
		1B9051892AC258D600E0E73F /* SwiftUI.framework in Frameworks */ = {isa = PBXBuildFile; fileRef = 1B9051882AC258D600E0E73F /* SwiftUI.framework */; };
		1B90518D2AC2CEB600E0E73F /* AuthenticationManager.swift in Sources */ = {isa = PBXBuildFile; fileRef = 1B90518C2AC2CEB600E0E73F /* AuthenticationManager.swift */; };
		1BB691A62AC04345008CE2FE /* DailyDriftApp.swift in Sources */ = {isa = PBXBuildFile; fileRef = 1BB691A52AC04345008CE2FE /* DailyDriftApp.swift */; };
		1BB691A82AC04345008CE2FE /* ContentView.swift in Sources */ = {isa = PBXBuildFile; fileRef = 1BB691A72AC04345008CE2FE /* ContentView.swift */; };
		1BB691AA2AC04346008CE2FE /* Assets.xcassets in Resources */ = {isa = PBXBuildFile; fileRef = 1BB691A92AC04346008CE2FE /* Assets.xcassets */; };
		1BB691AD2AC04346008CE2FE /* Preview Assets.xcassets in Resources */ = {isa = PBXBuildFile; fileRef = 1BB691AC2AC04346008CE2FE /* Preview Assets.xcassets */; };
		1BB691B72AC04347008CE2FE /* DailyDriftTests.swift in Sources */ = {isa = PBXBuildFile; fileRef = 1BB691B62AC04347008CE2FE /* DailyDriftTests.swift */; };
		1BB691C12AC04347008CE2FE /* DailyDriftUITests.swift in Sources */ = {isa = PBXBuildFile; fileRef = 1BB691C02AC04347008CE2FE /* DailyDriftUITests.swift */; };
		1BB691C32AC04347008CE2FE /* DailyDriftUITestsLaunchTests.swift in Sources */ = {isa = PBXBuildFile; fileRef = 1BB691C22AC04347008CE2FE /* DailyDriftUITestsLaunchTests.swift */; };
		1BB691D02AC049D0008CE2FE /* NewEntryView.swift in Sources */ = {isa = PBXBuildFile; fileRef = 1BB691CF2AC049D0008CE2FE /* NewEntryView.swift */; };
		1BB691D22AC04D7A008CE2FE /* Entry.swift in Sources */ = {isa = PBXBuildFile; fileRef = 1BB691D12AC04D7A008CE2FE /* Entry.swift */; };
		1BB691D42AC04DE7008CE2FE /* EntryStore.swift in Sources */ = {isa = PBXBuildFile; fileRef = 1BB691D32AC04DE7008CE2FE /* EntryStore.swift */; };
		1BB691D62AC1254D008CE2FE /* EntryDetailView.swift in Sources */ = {isa = PBXBuildFile; fileRef = 1BB691D52AC1254D008CE2FE /* EntryDetailView.swift */; };
		1BB691D82AC15226008CE2FE /* FontManager.swift in Sources */ = {isa = PBXBuildFile; fileRef = 1BB691D72AC15226008CE2FE /* FontManager.swift */; };
		1BB691DA2AC153A1008CE2FE /* SettingsView.swift in Sources */ = {isa = PBXBuildFile; fileRef = 1BB691D92AC153A1008CE2FE /* SettingsView.swift */; };
		1BB691DC2AC1555D008CE2FE /* MainView.swift in Sources */ = {isa = PBXBuildFile; fileRef = 1BB691DB2AC1555D008CE2FE /* MainView.swift */; };
		1BB691E42AC17C6A008CE2FE /* CustomFontText.swift in Sources */ = {isa = PBXBuildFile; fileRef = 1BB691E32AC17C6A008CE2FE /* CustomFontText.swift */; };
/* End PBXBuildFile section */

/* Begin PBXContainerItemProxy section */
		1BB691B32AC04347008CE2FE /* PBXContainerItemProxy */ = {
			isa = PBXContainerItemProxy;
			containerPortal = 1BB6919A2AC04345008CE2FE /* Project object */;
			proxyType = 1;
			remoteGlobalIDString = 1BB691A12AC04345008CE2FE;
			remoteInfo = DailyDrift;
		};
		1BB691BD2AC04347008CE2FE /* PBXContainerItemProxy */ = {
			isa = PBXContainerItemProxy;
			containerPortal = 1BB6919A2AC04345008CE2FE /* Project object */;
			proxyType = 1;
			remoteGlobalIDString = 1BB691A12AC04345008CE2FE;
			remoteInfo = DailyDrift;
		};
/* End PBXContainerItemProxy section */

/* Begin PBXFileReference section */
		1B299F002AC69E98008F7605 /* Info.plist */ = {isa = PBXFileReference; lastKnownFileType = text.plist; path = Info.plist; sourceTree = "<group>"; };
		1B8CFB742AC4F2A6003DDA70 /* Theme.swift */ = {isa = PBXFileReference; lastKnownFileType = sourcecode.swift; path = Theme.swift; sourceTree = "<group>"; };
		1B9051882AC258D600E0E73F /* SwiftUI.framework */ = {isa = PBXFileReference; lastKnownFileType = wrapper.framework; name = SwiftUI.framework; path = System/Library/Frameworks/SwiftUI.framework; sourceTree = SDKROOT; };
		1B90518C2AC2CEB600E0E73F /* AuthenticationManager.swift */ = {isa = PBXFileReference; lastKnownFileType = sourcecode.swift; path = AuthenticationManager.swift; sourceTree = "<group>"; };
		1BB691A22AC04345008CE2FE /* DailyDrift.app */ = {isa = PBXFileReference; explicitFileType = wrapper.application; includeInIndex = 0; path = DailyDrift.app; sourceTree = BUILT_PRODUCTS_DIR; };
		1BB691A52AC04345008CE2FE /* DailyDriftApp.swift */ = {isa = PBXFileReference; lastKnownFileType = sourcecode.swift; path = DailyDriftApp.swift; sourceTree = "<group>"; };
		1BB691A72AC04345008CE2FE /* ContentView.swift */ = {isa = PBXFileReference; lastKnownFileType = sourcecode.swift; path = ContentView.swift; sourceTree = "<group>"; };
		1BB691A92AC04346008CE2FE /* Assets.xcassets */ = {isa = PBXFileReference; lastKnownFileType = folder.assetcatalog; path = Assets.xcassets; sourceTree = "<group>"; };
		1BB691AC2AC04346008CE2FE /* Preview Assets.xcassets */ = {isa = PBXFileReference; lastKnownFileType = folder.assetcatalog; path = "Preview Assets.xcassets"; sourceTree = "<group>"; };
		1BB691B22AC04347008CE2FE /* DailyDriftTests.xctest */ = {isa = PBXFileReference; explicitFileType = wrapper.cfbundle; includeInIndex = 0; path = DailyDriftTests.xctest; sourceTree = BUILT_PRODUCTS_DIR; };
		1BB691B62AC04347008CE2FE /* DailyDriftTests.swift */ = {isa = PBXFileReference; lastKnownFileType = sourcecode.swift; path = DailyDriftTests.swift; sourceTree = "<group>"; };
		1BB691BC2AC04347008CE2FE /* DailyDriftUITests.xctest */ = {isa = PBXFileReference; explicitFileType = wrapper.cfbundle; includeInIndex = 0; path = DailyDriftUITests.xctest; sourceTree = BUILT_PRODUCTS_DIR; };
		1BB691C02AC04347008CE2FE /* DailyDriftUITests.swift */ = {isa = PBXFileReference; lastKnownFileType = sourcecode.swift; path = DailyDriftUITests.swift; sourceTree = "<group>"; };
		1BB691C22AC04347008CE2FE /* DailyDriftUITestsLaunchTests.swift */ = {isa = PBXFileReference; lastKnownFileType = sourcecode.swift; path = DailyDriftUITestsLaunchTests.swift; sourceTree = "<group>"; };
		1BB691CF2AC049D0008CE2FE /* NewEntryView.swift */ = {isa = PBXFileReference; lastKnownFileType = sourcecode.swift; path = NewEntryView.swift; sourceTree = "<group>"; };
		1BB691D12AC04D7A008CE2FE /* Entry.swift */ = {isa = PBXFileReference; lastKnownFileType = sourcecode.swift; path = Entry.swift; sourceTree = "<group>"; };
		1BB691D32AC04DE7008CE2FE /* EntryStore.swift */ = {isa = PBXFileReference; lastKnownFileType = sourcecode.swift; path = EntryStore.swift; sourceTree = "<group>"; };
		1BB691D52AC1254D008CE2FE /* EntryDetailView.swift */ = {isa = PBXFileReference; lastKnownFileType = sourcecode.swift; path = EntryDetailView.swift; sourceTree = "<group>"; };
		1BB691D72AC15226008CE2FE /* FontManager.swift */ = {isa = PBXFileReference; lastKnownFileType = sourcecode.swift; path = FontManager.swift; sourceTree = "<group>"; };
		1BB691D92AC153A1008CE2FE /* SettingsView.swift */ = {isa = PBXFileReference; lastKnownFileType = sourcecode.swift; path = SettingsView.swift; sourceTree = "<group>"; };
		1BB691DB2AC1555D008CE2FE /* MainView.swift */ = {isa = PBXFileReference; lastKnownFileType = sourcecode.swift; path = MainView.swift; sourceTree = "<group>"; };
		1BB691E32AC17C6A008CE2FE /* CustomFontText.swift */ = {isa = PBXFileReference; lastKnownFileType = sourcecode.swift; path = CustomFontText.swift; sourceTree = "<group>"; };
/* End PBXFileReference section */

/* Begin PBXFrameworksBuildPhase section */
		1BB6919F2AC04345008CE2FE /* Frameworks */ = {
			isa = PBXFrameworksBuildPhase;
			buildActionMask = 2147483647;
			files = (
				1B9051892AC258D600E0E73F /* SwiftUI.framework in Frameworks */,
				1B9051862AC2582600E0E73F /* SwiftUIX in Frameworks */,
			);
			runOnlyForDeploymentPostprocessing = 0;
		};
		1BB691AF2AC04346008CE2FE /* Frameworks */ = {
			isa = PBXFrameworksBuildPhase;
			buildActionMask = 2147483647;
			files = (
			);
			runOnlyForDeploymentPostprocessing = 0;
		};
		1BB691B92AC04347008CE2FE /* Frameworks */ = {
			isa = PBXFrameworksBuildPhase;
			buildActionMask = 2147483647;
			files = (
			);
			runOnlyForDeploymentPostprocessing = 0;
		};
/* End PBXFrameworksBuildPhase section */

/* Begin PBXGroup section */
		1B9051872AC258D600E0E73F /* Frameworks */ = {
			isa = PBXGroup;
			children = (
				1B9051882AC258D600E0E73F /* SwiftUI.framework */,
			);
			name = Frameworks;
			sourceTree = "<group>";
		};
		1BB691992AC04345008CE2FE = {
			isa = PBXGroup;
			children = (
				1BB691A42AC04345008CE2FE /* DailyDrift */,
				1BB691B52AC04347008CE2FE /* DailyDriftTests */,
				1BB691BF2AC04347008CE2FE /* DailyDriftUITests */,
				1BB691A32AC04345008CE2FE /* Products */,
				1B9051872AC258D600E0E73F /* Frameworks */,
			);
			sourceTree = "<group>";
		};
		1BB691A32AC04345008CE2FE /* Products */ = {
			isa = PBXGroup;
			children = (
				1BB691A22AC04345008CE2FE /* DailyDrift.app */,
				1BB691B22AC04347008CE2FE /* DailyDriftTests.xctest */,
				1BB691BC2AC04347008CE2FE /* DailyDriftUITests.xctest */,
			);
			name = Products;
			sourceTree = "<group>";
		};
		1BB691A42AC04345008CE2FE /* DailyDrift */ = {
			isa = PBXGroup;
			children = (
				1B299F002AC69E98008F7605 /* Info.plist */,
				1BB691A52AC04345008CE2FE /* DailyDriftApp.swift */,
				1BB691A72AC04345008CE2FE /* ContentView.swift */,
				1BB691A92AC04346008CE2FE /* Assets.xcassets */,
				1BB691AB2AC04346008CE2FE /* Preview Content */,
				1BB691CF2AC049D0008CE2FE /* NewEntryView.swift */,
				1BB691D12AC04D7A008CE2FE /* Entry.swift */,
				1BB691D32AC04DE7008CE2FE /* EntryStore.swift */,
				1BB691D52AC1254D008CE2FE /* EntryDetailView.swift */,
				1BB691D72AC15226008CE2FE /* FontManager.swift */,
				1BB691D92AC153A1008CE2FE /* SettingsView.swift */,
				1BB691DB2AC1555D008CE2FE /* MainView.swift */,
				1BB691E32AC17C6A008CE2FE /* CustomFontText.swift */,
				1B90518C2AC2CEB600E0E73F /* AuthenticationManager.swift */,
				1B8CFB742AC4F2A6003DDA70 /* Theme.swift */,
			);
			path = DailyDrift;
			sourceTree = "<group>";
		};
		1BB691AB2AC04346008CE2FE /* Preview Content */ = {
			isa = PBXGroup;
			children = (
				1BB691AC2AC04346008CE2FE /* Preview Assets.xcassets */,
			);
			path = "Preview Content";
			sourceTree = "<group>";
		};
		1BB691B52AC04347008CE2FE /* DailyDriftTests */ = {
			isa = PBXGroup;
			children = (
				1BB691B62AC04347008CE2FE /* DailyDriftTests.swift */,
			);
			path = DailyDriftTests;
			sourceTree = "<group>";
		};
		1BB691BF2AC04347008CE2FE /* DailyDriftUITests */ = {
			isa = PBXGroup;
			children = (
				1BB691C02AC04347008CE2FE /* DailyDriftUITests.swift */,
				1BB691C22AC04347008CE2FE /* DailyDriftUITestsLaunchTests.swift */,
			);
			path = DailyDriftUITests;
			sourceTree = "<group>";
		};
/* End PBXGroup section */

/* Begin PBXNativeTarget section */
		1BB691A12AC04345008CE2FE /* DailyDrift */ = {
			isa = PBXNativeTarget;
			buildConfigurationList = 1BB691C62AC04347008CE2FE /* Build configuration list for PBXNativeTarget "DailyDrift" */;
			buildPhases = (
				1BB6919E2AC04345008CE2FE /* Sources */,
				1BB6919F2AC04345008CE2FE /* Frameworks */,
				1BB691A02AC04345008CE2FE /* Resources */,
			);
			buildRules = (
			);
			dependencies = (
			);
			name = DailyDrift;
			packageProductDependencies = (
				1B9051852AC2582600E0E73F /* SwiftUIX */,
			);
			productName = DailyDrift;
			productReference = 1BB691A22AC04345008CE2FE /* DailyDrift.app */;
			productType = "com.apple.product-type.application";
		};
		1BB691B12AC04346008CE2FE /* DailyDriftTests */ = {
			isa = PBXNativeTarget;
			buildConfigurationList = 1BB691C92AC04347008CE2FE /* Build configuration list for PBXNativeTarget "DailyDriftTests" */;
			buildPhases = (
				1BB691AE2AC04346008CE2FE /* Sources */,
				1BB691AF2AC04346008CE2FE /* Frameworks */,
				1BB691B02AC04346008CE2FE /* Resources */,
			);
			buildRules = (
			);
			dependencies = (
				1BB691B42AC04347008CE2FE /* PBXTargetDependency */,
			);
			name = DailyDriftTests;
			productName = DailyDriftTests;
			productReference = 1BB691B22AC04347008CE2FE /* DailyDriftTests.xctest */;
			productType = "com.apple.product-type.bundle.unit-test";
		};
		1BB691BB2AC04347008CE2FE /* DailyDriftUITests */ = {
			isa = PBXNativeTarget;
			buildConfigurationList = 1BB691CC2AC04347008CE2FE /* Build configuration list for PBXNativeTarget "DailyDriftUITests" */;
			buildPhases = (
				1BB691B82AC04347008CE2FE /* Sources */,
				1BB691B92AC04347008CE2FE /* Frameworks */,
				1BB691BA2AC04347008CE2FE /* Resources */,
			);
			buildRules = (
			);
			dependencies = (
				1BB691BE2AC04347008CE2FE /* PBXTargetDependency */,
			);
			name = DailyDriftUITests;
			productName = DailyDriftUITests;
			productReference = 1BB691BC2AC04347008CE2FE /* DailyDriftUITests.xctest */;
			productType = "com.apple.product-type.bundle.ui-testing";
		};
/* End PBXNativeTarget section */

/* Begin PBXProject section */
		1BB6919A2AC04345008CE2FE /* Project object */ = {
			isa = PBXProject;
			attributes = {
				BuildIndependentTargetsInParallel = 1;
				LastSwiftUpdateCheck = 1500;
				LastUpgradeCheck = 1500;
				TargetAttributes = {
					1BB691A12AC04345008CE2FE = {
						CreatedOnToolsVersion = 15.0;
					};
					1BB691B12AC04346008CE2FE = {
						CreatedOnToolsVersion = 15.0;
						TestTargetID = 1BB691A12AC04345008CE2FE;
					};
					1BB691BB2AC04347008CE2FE = {
						CreatedOnToolsVersion = 15.0;
						TestTargetID = 1BB691A12AC04345008CE2FE;
					};
				};
			};
			buildConfigurationList = 1BB6919D2AC04345008CE2FE /* Build configuration list for PBXProject "DailyDrift" */;
			compatibilityVersion = "Xcode 14.0";
			developmentRegion = en;
			hasScannedForEncodings = 0;
			knownRegions = (
				en,
				Base,
			);
			mainGroup = 1BB691992AC04345008CE2FE;
			packageReferences = (
				1B9051842AC2582600E0E73F /* XCRemoteSwiftPackageReference "SwiftUIX" */,
			);
			productRefGroup = 1BB691A32AC04345008CE2FE /* Products */;
			projectDirPath = "";
			projectRoot = "";
			targets = (
				1BB691A12AC04345008CE2FE /* DailyDrift */,
				1BB691B12AC04346008CE2FE /* DailyDriftTests */,
				1BB691BB2AC04347008CE2FE /* DailyDriftUITests */,
			);
		};
/* End PBXProject section */

/* Begin PBXResourcesBuildPhase section */
		1BB691A02AC04345008CE2FE /* Resources */ = {
			isa = PBXResourcesBuildPhase;
			buildActionMask = 2147483647;
			files = (
				1BB691AD2AC04346008CE2FE /* Preview Assets.xcassets in Resources */,
				1BB691AA2AC04346008CE2FE /* Assets.xcassets in Resources */,
			);
			runOnlyForDeploymentPostprocessing = 0;
		};
		1BB691B02AC04346008CE2FE /* Resources */ = {
			isa = PBXResourcesBuildPhase;
			buildActionMask = 2147483647;
			files = (
			);
			runOnlyForDeploymentPostprocessing = 0;
		};
		1BB691BA2AC04347008CE2FE /* Resources */ = {
			isa = PBXResourcesBuildPhase;
			buildActionMask = 2147483647;
			files = (
			);
			runOnlyForDeploymentPostprocessing = 0;
		};
/* End PBXResourcesBuildPhase section */

/* Begin PBXSourcesBuildPhase section */
		1BB6919E2AC04345008CE2FE /* Sources */ = {
			isa = PBXSourcesBuildPhase;
			buildActionMask = 2147483647;
			files = (
				1BB691D62AC1254D008CE2FE /* EntryDetailView.swift in Sources */,
				1BB691DC2AC1555D008CE2FE /* MainView.swift in Sources */,
				1B90518D2AC2CEB600E0E73F /* AuthenticationManager.swift in Sources */,
				1BB691DA2AC153A1008CE2FE /* SettingsView.swift in Sources */,
				1BB691D22AC04D7A008CE2FE /* Entry.swift in Sources */,
				1BB691D82AC15226008CE2FE /* FontManager.swift in Sources */,
				1BB691D42AC04DE7008CE2FE /* EntryStore.swift in Sources */,
				1BB691D02AC049D0008CE2FE /* NewEntryView.swift in Sources */,
				1BB691A82AC04345008CE2FE /* ContentView.swift in Sources */,
				1B8CFB752AC4F2A6003DDA70 /* Theme.swift in Sources */,
				1BB691A62AC04345008CE2FE /* DailyDriftApp.swift in Sources */,
				1BB691E42AC17C6A008CE2FE /* CustomFontText.swift in Sources */,
			);
			runOnlyForDeploymentPostprocessing = 0;
		};
		1BB691AE2AC04346008CE2FE /* Sources */ = {
			isa = PBXSourcesBuildPhase;
			buildActionMask = 2147483647;
			files = (
				1BB691B72AC04347008CE2FE /* DailyDriftTests.swift in Sources */,
			);
			runOnlyForDeploymentPostprocessing = 0;
		};
		1BB691B82AC04347008CE2FE /* Sources */ = {
			isa = PBXSourcesBuildPhase;
			buildActionMask = 2147483647;
			files = (
				1BB691C32AC04347008CE2FE /* DailyDriftUITestsLaunchTests.swift in Sources */,
				1BB691C12AC04347008CE2FE /* DailyDriftUITests.swift in Sources */,
			);
			runOnlyForDeploymentPostprocessing = 0;
		};
/* End PBXSourcesBuildPhase section */

/* Begin PBXTargetDependency section */
		1BB691B42AC04347008CE2FE /* PBXTargetDependency */ = {
			isa = PBXTargetDependency;
			target = 1BB691A12AC04345008CE2FE /* DailyDrift */;
			targetProxy = 1BB691B32AC04347008CE2FE /* PBXContainerItemProxy */;
		};
		1BB691BE2AC04347008CE2FE /* PBXTargetDependency */ = {
			isa = PBXTargetDependency;
			target = 1BB691A12AC04345008CE2FE /* DailyDrift */;
			targetProxy = 1BB691BD2AC04347008CE2FE /* PBXContainerItemProxy */;
		};
/* End PBXTargetDependency section */

/* Begin XCBuildConfiguration section */
		1BB691C42AC04347008CE2FE /* Debug */ = {
			isa = XCBuildConfiguration;
			buildSettings = {
				ALWAYS_SEARCH_USER_PATHS = NO;
				ASSETCATALOG_COMPILER_GENERATE_SWIFT_ASSET_SYMBOL_EXTENSIONS = YES;
				CLANG_ANALYZER_NONNULL = YES;
				CLANG_ANALYZER_NUMBER_OBJECT_CONVERSION = YES_AGGRESSIVE;
				CLANG_CXX_LANGUAGE_STANDARD = "gnu++20";
				CLANG_ENABLE_MODULES = YES;
				CLANG_ENABLE_OBJC_ARC = YES;
				CLANG_ENABLE_OBJC_WEAK = YES;
				CLANG_WARN_BLOCK_CAPTURE_AUTORELEASING = YES;
				CLANG_WARN_BOOL_CONVERSION = YES;
				CLANG_WARN_COMMA = YES;
				CLANG_WARN_CONSTANT_CONVERSION = YES;
				CLANG_WARN_DEPRECATED_OBJC_IMPLEMENTATIONS = YES;
				CLANG_WARN_DIRECT_OBJC_ISA_USAGE = YES_ERROR;
				CLANG_WARN_DOCUMENTATION_COMMENTS = YES;
				CLANG_WARN_EMPTY_BODY = YES;
				CLANG_WARN_ENUM_CONVERSION = YES;
				CLANG_WARN_INFINITE_RECURSION = YES;
				CLANG_WARN_INT_CONVERSION = YES;
				CLANG_WARN_NON_LITERAL_NULL_CONVERSION = YES;
				CLANG_WARN_OBJC_IMPLICIT_RETAIN_SELF = YES;
				CLANG_WARN_OBJC_LITERAL_CONVERSION = YES;
				CLANG_WARN_OBJC_ROOT_CLASS = YES_ERROR;
				CLANG_WARN_QUOTED_INCLUDE_IN_FRAMEWORK_HEADER = YES;
				CLANG_WARN_RANGE_LOOP_ANALYSIS = YES;
				CLANG_WARN_STRICT_PROTOTYPES = YES;
				CLANG_WARN_SUSPICIOUS_MOVE = YES;
				CLANG_WARN_UNGUARDED_AVAILABILITY = YES_AGGRESSIVE;
				CLANG_WARN_UNREACHABLE_CODE = YES;
				CLANG_WARN__DUPLICATE_METHOD_MATCH = YES;
				COPY_PHASE_STRIP = NO;
				DEBUG_INFORMATION_FORMAT = dwarf;
				ENABLE_STRICT_OBJC_MSGSEND = YES;
				ENABLE_TESTABILITY = YES;
				ENABLE_USER_SCRIPT_SANDBOXING = YES;
				GCC_C_LANGUAGE_STANDARD = gnu17;
				GCC_DYNAMIC_NO_PIC = NO;
				GCC_NO_COMMON_BLOCKS = YES;
				GCC_OPTIMIZATION_LEVEL = 0;
				GCC_PREPROCESSOR_DEFINITIONS = (
					"DEBUG=1",
					"$(inherited)",
				);
				GCC_WARN_64_TO_32_BIT_CONVERSION = YES;
				GCC_WARN_ABOUT_RETURN_TYPE = YES_ERROR;
				GCC_WARN_UNDECLARED_SELECTOR = YES;
				GCC_WARN_UNINITIALIZED_AUTOS = YES_AGGRESSIVE;
				GCC_WARN_UNUSED_FUNCTION = YES;
				GCC_WARN_UNUSED_VARIABLE = YES;
				IPHONEOS_DEPLOYMENT_TARGET = 17.0;
				LOCALIZATION_PREFERS_STRING_CATALOGS = YES;
				MTL_ENABLE_DEBUG_INFO = INCLUDE_SOURCE;
				MTL_FAST_MATH = YES;
				ONLY_ACTIVE_ARCH = YES;
				SDKROOT = iphoneos;
				SWIFT_ACTIVE_COMPILATION_CONDITIONS = "DEBUG $(inherited)";
				SWIFT_OPTIMIZATION_LEVEL = "-Onone";
			};
			name = Debug;
		};
		1BB691C52AC04347008CE2FE /* Release */ = {
			isa = XCBuildConfiguration;
			buildSettings = {
				ALWAYS_SEARCH_USER_PATHS = NO;
				ASSETCATALOG_COMPILER_GENERATE_SWIFT_ASSET_SYMBOL_EXTENSIONS = YES;
				CLANG_ANALYZER_NONNULL = YES;
				CLANG_ANALYZER_NUMBER_OBJECT_CONVERSION = YES_AGGRESSIVE;
				CLANG_CXX_LANGUAGE_STANDARD = "gnu++20";
				CLANG_ENABLE_MODULES = YES;
				CLANG_ENABLE_OBJC_ARC = YES;
				CLANG_ENABLE_OBJC_WEAK = YES;
				CLANG_WARN_BLOCK_CAPTURE_AUTORELEASING = YES;
				CLANG_WARN_BOOL_CONVERSION = YES;
				CLANG_WARN_COMMA = YES;
				CLANG_WARN_CONSTANT_CONVERSION = YES;
				CLANG_WARN_DEPRECATED_OBJC_IMPLEMENTATIONS = YES;
				CLANG_WARN_DIRECT_OBJC_ISA_USAGE = YES_ERROR;
				CLANG_WARN_DOCUMENTATION_COMMENTS = YES;
				CLANG_WARN_EMPTY_BODY = YES;
				CLANG_WARN_ENUM_CONVERSION = YES;
				CLANG_WARN_INFINITE_RECURSION = YES;
				CLANG_WARN_INT_CONVERSION = YES;
				CLANG_WARN_NON_LITERAL_NULL_CONVERSION = YES;
				CLANG_WARN_OBJC_IMPLICIT_RETAIN_SELF = YES;
				CLANG_WARN_OBJC_LITERAL_CONVERSION = YES;
				CLANG_WARN_OBJC_ROOT_CLASS = YES_ERROR;
				CLANG_WARN_QUOTED_INCLUDE_IN_FRAMEWORK_HEADER = YES;
				CLANG_WARN_RANGE_LOOP_ANALYSIS = YES;
				CLANG_WARN_STRICT_PROTOTYPES = YES;
				CLANG_WARN_SUSPICIOUS_MOVE = YES;
				CLANG_WARN_UNGUARDED_AVAILABILITY = YES_AGGRESSIVE;
				CLANG_WARN_UNREACHABLE_CODE = YES;
				CLANG_WARN__DUPLICATE_METHOD_MATCH = YES;
				COPY_PHASE_STRIP = NO;
				DEBUG_INFORMATION_FORMAT = "dwarf-with-dsym";
				ENABLE_NS_ASSERTIONS = NO;
				ENABLE_STRICT_OBJC_MSGSEND = YES;
				ENABLE_USER_SCRIPT_SANDBOXING = YES;
				GCC_C_LANGUAGE_STANDARD = gnu17;
				GCC_NO_COMMON_BLOCKS = YES;
				GCC_WARN_64_TO_32_BIT_CONVERSION = YES;
				GCC_WARN_ABOUT_RETURN_TYPE = YES_ERROR;
				GCC_WARN_UNDECLARED_SELECTOR = YES;
				GCC_WARN_UNINITIALIZED_AUTOS = YES_AGGRESSIVE;
				GCC_WARN_UNUSED_FUNCTION = YES;
				GCC_WARN_UNUSED_VARIABLE = YES;
				IPHONEOS_DEPLOYMENT_TARGET = 17.0;
				LOCALIZATION_PREFERS_STRING_CATALOGS = YES;
				MTL_ENABLE_DEBUG_INFO = NO;
				MTL_FAST_MATH = YES;
				SDKROOT = iphoneos;
				SWIFT_COMPILATION_MODE = wholemodule;
				VALIDATE_PRODUCT = YES;
			};
			name = Release;
		};
		1BB691C72AC04347008CE2FE /* Debug */ = {
			isa = XCBuildConfiguration;
			buildSettings = {
				ASSETCATALOG_COMPILER_APPICON_NAME = AppIcon;
				ASSETCATALOG_COMPILER_GLOBAL_ACCENT_COLOR_NAME = AccentColor;
				CODE_SIGN_STYLE = Automatic;
				CURRENT_PROJECT_VERSION = 1;
				DEVELOPMENT_ASSET_PATHS = "\"DailyDrift/Preview Content\"";
				ENABLE_PREVIEWS = YES;
				GENERATE_INFOPLIST_FILE = YES;
				INFOPLIST_FILE = DailyDrift/Info.plist;
				INFOPLIST_KEY_NSFaceIDUsageDescription = "DailyDrift needs to access FaceID to lock this entry.";
				INFOPLIST_KEY_UIApplicationSceneManifest_Generation = YES;
				INFOPLIST_KEY_UIApplicationSupportsIndirectInputEvents = YES;
				INFOPLIST_KEY_UILaunchScreen_Generation = YES;
				INFOPLIST_KEY_UISupportedInterfaceOrientations_iPad = "UIInterfaceOrientationPortrait UIInterfaceOrientationPortraitUpsideDown UIInterfaceOrientationLandscapeLeft UIInterfaceOrientationLandscapeRight";
				INFOPLIST_KEY_UISupportedInterfaceOrientations_iPhone = "UIInterfaceOrientationPortrait UIInterfaceOrientationLandscapeLeft UIInterfaceOrientationLandscapeRight";
				LD_RUNPATH_SEARCH_PATHS = (
					"$(inherited)",
					"@executable_path/Frameworks",
				);
				MARKETING_VERSION = 1.0;
				PRODUCT_BUNDLE_IDENTIFIER = melekredwan.DailyDrift;
				PRODUCT_NAME = "$(TARGET_NAME)";
				SWIFT_EMIT_LOC_STRINGS = YES;
				SWIFT_VERSION = 5.0;
				TARGETED_DEVICE_FAMILY = "1,2";
			};
			name = Debug;
		};
		1BB691C82AC04347008CE2FE /* Release */ = {
			isa = XCBuildConfiguration;
			buildSettings = {
				ASSETCATALOG_COMPILER_APPICON_NAME = AppIcon;
				ASSETCATALOG_COMPILER_GLOBAL_ACCENT_COLOR_NAME = AccentColor;
				CODE_SIGN_STYLE = Automatic;
				CURRENT_PROJECT_VERSION = 1;
				DEVELOPMENT_ASSET_PATHS = "\"DailyDrift/Preview Content\"";
				ENABLE_PREVIEWS = YES;
				GENERATE_INFOPLIST_FILE = YES;
				INFOPLIST_FILE = DailyDrift/Info.plist;
				INFOPLIST_KEY_NSFaceIDUsageDescription = "DailyDrift needs to access FaceID to lock this entry.";
				INFOPLIST_KEY_UIApplicationSceneManifest_Generation = YES;
				INFOPLIST_KEY_UIApplicationSupportsIndirectInputEvents = YES;
				INFOPLIST_KEY_UILaunchScreen_Generation = YES;
				INFOPLIST_KEY_UISupportedInterfaceOrientations_iPad = "UIInterfaceOrientationPortrait UIInterfaceOrientationPortraitUpsideDown UIInterfaceOrientationLandscapeLeft UIInterfaceOrientationLandscapeRight";
				INFOPLIST_KEY_UISupportedInterfaceOrientations_iPhone = "UIInterfaceOrientationPortrait UIInterfaceOrientationLandscapeLeft UIInterfaceOrientationLandscapeRight";
				LD_RUNPATH_SEARCH_PATHS = (
					"$(inherited)",
					"@executable_path/Frameworks",
				);
				MARKETING_VERSION = 1.0;
				PRODUCT_BUNDLE_IDENTIFIER = melekredwan.DailyDrift;
				PRODUCT_NAME = "$(TARGET_NAME)";
				SWIFT_EMIT_LOC_STRINGS = YES;
				SWIFT_VERSION = 5.0;
				TARGETED_DEVICE_FAMILY = "1,2";
			};
			name = Release;
		};
		1BB691CA2AC04347008CE2FE /* Debug */ = {
			isa = XCBuildConfiguration;
			buildSettings = {
				ALWAYS_EMBED_SWIFT_STANDARD_LIBRARIES = YES;
				BUNDLE_LOADER = "$(TEST_HOST)";
				CODE_SIGN_STYLE = Automatic;
				CURRENT_PROJECT_VERSION = 1;
				GENERATE_INFOPLIST_FILE = YES;
				IPHONEOS_DEPLOYMENT_TARGET = 17.0;
				MARKETING_VERSION = 1.0;
				PRODUCT_BUNDLE_IDENTIFIER = melekredwan.DailyDriftTests;
				PRODUCT_NAME = "$(TARGET_NAME)";
				SWIFT_EMIT_LOC_STRINGS = NO;
				SWIFT_VERSION = 5.0;
				TARGETED_DEVICE_FAMILY = "1,2";
				TEST_HOST = "$(BUILT_PRODUCTS_DIR)/DailyDrift.app/$(BUNDLE_EXECUTABLE_FOLDER_PATH)/DailyDrift";
			};
			name = Debug;
		};
		1BB691CB2AC04347008CE2FE /* Release */ = {
			isa = XCBuildConfiguration;
			buildSettings = {
				ALWAYS_EMBED_SWIFT_STANDARD_LIBRARIES = YES;
				BUNDLE_LOADER = "$(TEST_HOST)";
				CODE_SIGN_STYLE = Automatic;
				CURRENT_PROJECT_VERSION = 1;
				GENERATE_INFOPLIST_FILE = YES;
				IPHONEOS_DEPLOYMENT_TARGET = 17.0;
				MARKETING_VERSION = 1.0;
				PRODUCT_BUNDLE_IDENTIFIER = melekredwan.DailyDriftTests;
				PRODUCT_NAME = "$(TARGET_NAME)";
				SWIFT_EMIT_LOC_STRINGS = NO;
				SWIFT_VERSION = 5.0;
				TARGETED_DEVICE_FAMILY = "1,2";
				TEST_HOST = "$(BUILT_PRODUCTS_DIR)/DailyDrift.app/$(BUNDLE_EXECUTABLE_FOLDER_PATH)/DailyDrift";
			};
			name = Release;
		};
		1BB691CD2AC04347008CE2FE /* Debug */ = {
			isa = XCBuildConfiguration;
			buildSettings = {
				ALWAYS_EMBED_SWIFT_STANDARD_LIBRARIES = YES;
				CODE_SIGN_STYLE = Automatic;
				CURRENT_PROJECT_VERSION = 1;
				GENERATE_INFOPLIST_FILE = YES;
				MARKETING_VERSION = 1.0;
				PRODUCT_BUNDLE_IDENTIFIER = melekredwan.DailyDriftUITests;
				PRODUCT_NAME = "$(TARGET_NAME)";
				SWIFT_EMIT_LOC_STRINGS = NO;
				SWIFT_VERSION = 5.0;
				TARGETED_DEVICE_FAMILY = "1,2";
				TEST_TARGET_NAME = DailyDrift;
			};
			name = Debug;
		};
		1BB691CE2AC04347008CE2FE /* Release */ = {
			isa = XCBuildConfiguration;
			buildSettings = {
				ALWAYS_EMBED_SWIFT_STANDARD_LIBRARIES = YES;
				CODE_SIGN_STYLE = Automatic;
				CURRENT_PROJECT_VERSION = 1;
				GENERATE_INFOPLIST_FILE = YES;
				MARKETING_VERSION = 1.0;
				PRODUCT_BUNDLE_IDENTIFIER = melekredwan.DailyDriftUITests;
				PRODUCT_NAME = "$(TARGET_NAME)";
				SWIFT_EMIT_LOC_STRINGS = NO;
				SWIFT_VERSION = 5.0;
				TARGETED_DEVICE_FAMILY = "1,2";
				TEST_TARGET_NAME = DailyDrift;
			};
			name = Release;
		};
/* End XCBuildConfiguration section */

/* Begin XCConfigurationList section */
		1BB6919D2AC04345008CE2FE /* Build configuration list for PBXProject "DailyDrift" */ = {
			isa = XCConfigurationList;
			buildConfigurations = (
				1BB691C42AC04347008CE2FE /* Debug */,
				1BB691C52AC04347008CE2FE /* Release */,
			);
			defaultConfigurationIsVisible = 0;
			defaultConfigurationName = Release;
		};
		1BB691C62AC04347008CE2FE /* Build configuration list for PBXNativeTarget "DailyDrift" */ = {
			isa = XCConfigurationList;
			buildConfigurations = (
				1BB691C72AC04347008CE2FE /* Debug */,
				1BB691C82AC04347008CE2FE /* Release */,
			);
			defaultConfigurationIsVisible = 0;
			defaultConfigurationName = Release;
		};
		1BB691C92AC04347008CE2FE /* Build configuration list for PBXNativeTarget "DailyDriftTests" */ = {
			isa = XCConfigurationList;
			buildConfigurations = (
				1BB691CA2AC04347008CE2FE /* Debug */,
				1BB691CB2AC04347008CE2FE /* Release */,
			);
			defaultConfigurationIsVisible = 0;
			defaultConfigurationName = Release;
		};
		1BB691CC2AC04347008CE2FE /* Build configuration list for PBXNativeTarget "DailyDriftUITests" */ = {
			isa = XCConfigurationList;
			buildConfigurations = (
				1BB691CD2AC04347008CE2FE /* Debug */,
				1BB691CE2AC04347008CE2FE /* Release */,
			);
			defaultConfigurationIsVisible = 0;
			defaultConfigurationName = Release;
		};
/* End XCConfigurationList section */

/* Begin XCRemoteSwiftPackageReference section */
		1B9051842AC2582600E0E73F /* XCRemoteSwiftPackageReference "SwiftUIX" */ = {
			isa = XCRemoteSwiftPackageReference;
			repositoryURL = "https://github.com/SwiftUIX/SwiftUIX";
			requirement = {
				branch = master;
				kind = branch;
			};
		};
/* End XCRemoteSwiftPackageReference section */

/* Begin XCSwiftPackageProductDependency section */
		1B9051852AC2582600E0E73F /* SwiftUIX */ = {
			isa = XCSwiftPackageProductDependency;
			package = 1B9051842AC2582600E0E73F /* XCRemoteSwiftPackageReference "SwiftUIX" */;
			productName = SwiftUIX;
		};
/* End XCSwiftPackageProductDependency section */
	};
	rootObject = 1BB6919A2AC04345008CE2FE /* Project object */;
}
